
Microsoft Visual Studio Solution File, Format Version 12.00
# Visual Studio Version 16
VisualStudioVersion = 16.0.30204.135
MinimumVisualStudioVersion = 10.0.40219.1
Project("{FAE04EC0-301F-11D3-BF4B-00C04F79EFBC}") = "Read 3 Marks", "Read 3 Marks\Read 3 Marks.csproj", "{FE64AC12-208A-4E15-BF48-CFE6030201E8}"
EndProject
Global
	GlobalSection(SolutionConfigurationPlatforms) = preSolution
		Debug|Any CPU = Debug|Any CPU
		Release|Any CPU = Release|Any CPU
	EndGlobalSection
	GlobalSection(ProjectConfigurationPlatforms) = postSolution
		{FE64AC12-208A-4E15-BF48-CFE6030201E8}.Debug|Any CPU.ActiveCfg = Debug|Any CPU
		{FE64AC12-208A-4E15-BF48-CFE6030201E8}.Debug|Any CPU.Build.0 = Debug|Any CPU
		{FE64AC12-208A-4E15-BF48-CFE6030201E8}.Release|Any CPU.ActiveCfg = Release|Any CPU
		{FE64AC12-208A-4E15-BF48-CFE6030201E8}.Release|Any CPU.Build.0 = Release|Any CPU
	EndGlobalSection
	GlobalSection(SolutionProperties) = preSolution
		HideSolutionNode = FALSE
	EndGlobalSection
	GlobalSection(ExtensibilityGlobals) = postSolution
		SolutionGuid = {66C64859-E417-4CAB-83D7-D2B4570FBF11}
	EndGlobalSection
EndGlobal
